// !$*UTF8*$!
{
	archiveVersion = 1;
	classes = {
	};
	objectVersion = 46;
	objects = {

/* Begin PBXBuildFile section */
		DF3E3D341BFA1BCE000A2E25 /* AppDelegate.swift in Sources */ = {isa = PBXBuildFile; fileRef = DF3E3D331BFA1BCE000A2E25 /* AppDelegate.swift */; };
		DF3E3D361BFA1BCE000A2E25 /* DiskViewController.swift in Sources */ = {isa = PBXBuildFile; fileRef = DF3E3D351BFA1BCE000A2E25 /* DiskViewController.swift */; };
		DF3E3D391BFA1BCE000A2E25 /* Main.storyboard in Resources */ = {isa = PBXBuildFile; fileRef = DF3E3D371BFA1BCE000A2E25 /* Main.storyboard */; };
		DF3E3D3B1BFA1BCE000A2E25 /* Images.xcassets in Resources */ = {isa = PBXBuildFile; fileRef = DF3E3D3A1BFA1BCE000A2E25 /* Images.xcassets */; };
		DF3E3D3E1BFA1BCE000A2E25 /* LaunchScreen.xib in Resources */ = {isa = PBXBuildFile; fileRef = DF3E3D3C1BFA1BCE000A2E25 /* LaunchScreen.xib */; };
		DF3E3D4A1BFA1BCE000A2E25 /* UToolsTests.swift in Sources */ = {isa = PBXBuildFile; fileRef = DF3E3D491BFA1BCE000A2E25 /* UToolsTests.swift */; };
/* End PBXBuildFile section */

/* Begin PBXContainerItemProxy section */
		DF3E3D441BFA1BCE000A2E25 /* PBXContainerItemProxy */ = {
			isa = PBXContainerItemProxy;
			containerPortal = DF3E3D261BFA1BCE000A2E25 /* Project object */;
			proxyType = 1;
			remoteGlobalIDString = DF3E3D2D1BFA1BCE000A2E25;
			remoteInfo = UTools;
		};
/* End PBXContainerItemProxy section */

/* Begin PBXFileReference section */
		DF3E3D2E1BFA1BCE000A2E25 /* UTools.app */ = {isa = PBXFileReference; explicitFileType = wrapper.application; includeInIndex = 0; path = UTools.app; sourceTree = BUILT_PRODUCTS_DIR; };
		DF3E3D321BFA1BCE000A2E25 /* Info.plist */ = {isa = PBXFileReference; lastKnownFileType = text.plist.xml; path = Info.plist; sourceTree = "<group>"; };
		DF3E3D331BFA1BCE000A2E25 /* AppDelegate.swift */ = {isa = PBXFileReference; lastKnownFileType = sourcecode.swift; path = AppDelegate.swift; sourceTree = "<group>"; };
		DF3E3D351BFA1BCE000A2E25 /* DiskViewController.swift */ = {isa = PBXFileReference; lastKnownFileType = sourcecode.swift; path = DiskViewController.swift; sourceTree = "<group>"; };
		DF3E3D381BFA1BCE000A2E25 /* Base */ = {isa = PBXFileReference; lastKnownFileType = file.storyboard; name = Base; path = Base.lproj/Main.storyboard; sourceTree = "<group>"; };
		DF3E3D3A1BFA1BCE000A2E25 /* Images.xcassets */ = {isa = PBXFileReference; lastKnownFileType = folder.assetcatalog; path = Images.xcassets; sourceTree = "<group>"; };
		DF3E3D3D1BFA1BCE000A2E25 /* Base */ = {isa = PBXFileReference; lastKnownFileType = file.xib; name = Base; path = Base.lproj/LaunchScreen.xib; sourceTree = "<group>"; };
		DF3E3D431BFA1BCE000A2E25 /* UToolsTests.xctest */ = {isa = PBXFileReference; explicitFileType = wrapper.cfbundle; includeInIndex = 0; path = UToolsTests.xctest; sourceTree = BUILT_PRODUCTS_DIR; };
		DF3E3D481BFA1BCE000A2E25 /* Info.plist */ = {isa = PBXFileReference; lastKnownFileType = text.plist.xml; path = Info.plist; sourceTree = "<group>"; };
		DF3E3D491BFA1BCE000A2E25 /* UToolsTests.swift */ = {isa = PBXFileReference; lastKnownFileType = sourcecode.swift; path = UToolsTests.swift; sourceTree = "<group>"; };
/* End PBXFileReference section */

/* Begin PBXFrameworksBuildPhase section */
		DF3E3D2B1BFA1BCE000A2E25 /* Frameworks */ = {
			isa = PBXFrameworksBuildPhase;
			buildActionMask = 2147483647;
			files = (
			);
			runOnlyForDeploymentPostprocessing = 0;
		};
		DF3E3D401BFA1BCE000A2E25 /* Frameworks */ = {
			isa = PBXFrameworksBuildPhase;
			buildActionMask = 2147483647;
			files = (
			);
			runOnlyForDeploymentPostprocessing = 0;
		};
/* End PBXFrameworksBuildPhase section */

/* Begin PBXGroup section */
		DF3E3D251BFA1BCE000A2E25 = {
			isa = PBXGroup;
			children = (
				DF3E3D301BFA1BCE000A2E25 /* UTools */,
				DF3E3D461BFA1BCE000A2E25 /* UToolsTests */,
				DF3E3D2F1BFA1BCE000A2E25 /* Products */,
			);
			sourceTree = "<group>";
		};
		DF3E3D2F1BFA1BCE000A2E25 /* Products */ = {
			isa = PBXGroup;
			children = (
				DF3E3D2E1BFA1BCE000A2E25 /* UTools.app */,
				DF3E3D431BFA1BCE000A2E25 /* UToolsTests.xctest */,
			);
			name = Products;
			sourceTree = "<group>";
		};
		DF3E3D301BFA1BCE000A2E25 /* UTools */ = {
			isa = PBXGroup;
			children = (
				DF3E3D331BFA1BCE000A2E25 /* AppDelegate.swift */,
				DF3E3D351BFA1BCE000A2E25 /* DiskViewController.swift */,
				DF3E3D371BFA1BCE000A2E25 /* Main.storyboard */,
				DF3E3D3A1BFA1BCE000A2E25 /* Images.xcassets */,
				DF3E3D3C1BFA1BCE000A2E25 /* LaunchScreen.xib */,
				DF3E3D311BFA1BCE000A2E25 /* Supporting Files */,
			);
			path = UTools;
			sourceTree = "<group>";
		};
		DF3E3D311BFA1BCE000A2E25 /* Supporting Files */ = {
			isa = PBXGroup;
			children = (
				DF3E3D321BFA1BCE000A2E25 /* Info.plist */,
			);
			name = "Supporting Files";
			sourceTree = "<group>";
		};
		DF3E3D461BFA1BCE000A2E25 /* UToolsTests */ = {
			isa = PBXGroup;
			children = (
				DF3E3D491BFA1BCE000A2E25 /* UToolsTests.swift */,
				DF3E3D471BFA1BCE000A2E25 /* Supporting Files */,
			);
			path = UToolsTests;
			sourceTree = "<group>";
		};
		DF3E3D471BFA1BCE000A2E25 /* Supporting Files */ = {
			isa = PBXGroup;
			children = (
				DF3E3D481BFA1BCE000A2E25 /* Info.plist */,
			);
			name = "Supporting Files";
			sourceTree = "<group>";
		};
/* End PBXGroup section */

/* Begin PBXNativeTarget section */
		DF3E3D2D1BFA1BCE000A2E25 /* UTools */ = {
			isa = PBXNativeTarget;
			buildConfigurationList = DF3E3D4D1BFA1BCE000A2E25 /* Build configuration list for PBXNativeTarget "UTools" */;
			buildPhases = (
				DF3E3D2A1BFA1BCE000A2E25 /* Sources */,
				DF3E3D2B1BFA1BCE000A2E25 /* Frameworks */,
				DF3E3D2C1BFA1BCE000A2E25 /* Resources */,
			);
			buildRules = (
			);
			dependencies = (
			);
			name = UTools;
			productName = UTools;
			productReference = DF3E3D2E1BFA1BCE000A2E25 /* UTools.app */;
			productType = "com.apple.product-type.application";
		};
		DF3E3D421BFA1BCE000A2E25 /* UToolsTests */ = {
			isa = PBXNativeTarget;
			buildConfigurationList = DF3E3D501BFA1BCE000A2E25 /* Build configuration list for PBXNativeTarget "UToolsTests" */;
			buildPhases = (
				DF3E3D3F1BFA1BCE000A2E25 /* Sources */,
				DF3E3D401BFA1BCE000A2E25 /* Frameworks */,
				DF3E3D411BFA1BCE000A2E25 /* Resources */,
			);
			buildRules = (
			);
			dependencies = (
				DF3E3D451BFA1BCE000A2E25 /* PBXTargetDependency */,
			);
			name = UToolsTests;
			productName = UToolsTests;
			productReference = DF3E3D431BFA1BCE000A2E25 /* UToolsTests.xctest */;
			productType = "com.apple.product-type.bundle.unit-test";
		};
/* End PBXNativeTarget section */

/* Begin PBXProject section */
		DF3E3D261BFA1BCE000A2E25 /* Project object */ = {
			isa = PBXProject;
			attributes = {
				LastUpgradeCheck = 0640;
				ORGANIZATIONNAME = Shanesun;
				TargetAttributes = {
					DF3E3D2D1BFA1BCE000A2E25 = {
						CreatedOnToolsVersion = 6.4;
						DevelopmentTeam = 2PQ752GS95;
					};
					DF3E3D421BFA1BCE000A2E25 = {
						CreatedOnToolsVersion = 6.4;
						TestTargetID = DF3E3D2D1BFA1BCE000A2E25;
					};
				};
			};
			buildConfigurationList = DF3E3D291BFA1BCE000A2E25 /* Build configuration list for PBXProject "UTools" */;
			compatibilityVersion = "Xcode 3.2";
			developmentRegion = English;
			hasScannedForEncodings = 0;
			knownRegions = (
				en,
				Base,
			);
			mainGroup = DF3E3D251BFA1BCE000A2E25;
			productRefGroup = DF3E3D2F1BFA1BCE000A2E25 /* Products */;
			projectDirPath = "";
			projectRoot = "";
			targets = (
				DF3E3D2D1BFA1BCE000A2E25 /* UTools */,
				DF3E3D421BFA1BCE000A2E25 /* UToolsTests */,
			);
		};
/* End PBXProject section */

/* Begin PBXResourcesBuildPhase section */
		DF3E3D2C1BFA1BCE000A2E25 /* Resources */ = {
			isa = PBXResourcesBuildPhase;
			buildActionMask = 2147483647;
			files = (
				DF3E3D391BFA1BCE000A2E25 /* Main.storyboard in Resources */,
				DF3E3D3E1BFA1BCE000A2E25 /* LaunchScreen.xib in Resources */,
				DF3E3D3B1BFA1BCE000A2E25 /* Images.xcassets in Resources */,
			);
			runOnlyForDeploymentPostprocessing = 0;
		};
		DF3E3D411BFA1BCE000A2E25 /* Resources */ = {
			isa = PBXResourcesBuildPhase;
			buildActionMask = 2147483647;
			files = (
			);
			runOnlyForDeploymentPostprocessing = 0;
		};
/* End PBXResourcesBuildPhase section */

/* Begin PBXSourcesBuildPhase section */
		DF3E3D2A1BFA1BCE000A2E25 /* Sources */ = {
			isa = PBXSourcesBuildPhase;
			buildActionMask = 2147483647;
			files = (
				DF3E3D361BFA1BCE000A2E25 /* DiskViewController.swift in Sources */,
				DF3E3D341BFA1BCE000A2E25 /* AppDelegate.swift in Sources */,
			);
			runOnlyForDeploymentPostprocessing = 0;
		};
		DF3E3D3F1BFA1BCE000A2E25 /* Sources */ = {
			isa = PBXSourcesBuildPhase;
			buildActionMask = 2147483647;
			files = (
				DF3E3D4A1BFA1BCE000A2E25 /* UToolsTests.swift in Sources */,
			);
			runOnlyForDeploymentPostprocessing = 0;
		};
/* End PBXSourcesBuildPhase section */

/* Begin PBXTargetDependency section */
		DF3E3D451BFA1BCE000A2E25 /* PBXTargetDependency */ = {
			isa = PBXTargetDependency;
			target = DF3E3D2D1BFA1BCE000A2E25 /* UTools */;
			targetProxy = DF3E3D441BFA1BCE000A2E25 /* PBXContainerItemProxy */;
		};
/* End PBXTargetDependency section */

/* Begin PBXVariantGroup section */
		DF3E3D371BFA1BCE000A2E25 /* Main.storyboard */ = {
			isa = PBXVariantGroup;
			children = (
				DF3E3D381BFA1BCE000A2E25 /* Base */,
			);
			name = Main.storyboard;
			sourceTree = "<group>";
		};
		DF3E3D3C1BFA1BCE000A2E25 /* LaunchScreen.xib */ = {
			isa = PBXVariantGroup;
			children = (
				DF3E3D3D1BFA1BCE000A2E25 /* Base */,
			);
			name = LaunchScreen.xib;
			sourceTree = "<group>";
		};
/* End PBXVariantGroup section */

/* Begin XCBuildConfiguration section */
		DF3E3D4B1BFA1BCE000A2E25 /* Debug */ = {
			isa = XCBuildConfiguration;
			buildSettings = {
				ALWAYS_SEARCH_USER_PATHS = NO;
				CLANG_CXX_LANGUAGE_STANDARD = "gnu++0x";
				CLANG_CXX_LIBRARY = "libc++";
				CLANG_ENABLE_MODULES = YES;
				CLANG_ENABLE_OBJC_ARC = YES;
				CLANG_WARN_BOOL_CONVERSION = YES;
				CLANG_WARN_CONSTANT_CONVERSION = YES;
				CLANG_WARN_DIRECT_OBJC_ISA_USAGE = YES_ERROR;
				CLANG_WARN_EMPTY_BODY = YES;
				CLANG_WARN_ENUM_CONVERSION = YES;
				CLANG_WARN_INT_CONVERSION = YES;
				CLANG_WARN_OBJC_ROOT_CLASS = YES_ERROR;
				CLANG_WARN_UNREACHABLE_CODE = YES;
				CLANG_WARN__DUPLICATE_METHOD_MATCH = YES;
				"CODE_SIGN_IDENTITY[sdk=iphoneos*]" = "iPhone Developer";
				COPY_PHASE_STRIP = NO;
				DEBUG_INFORMATION_FORMAT = "dwarf-with-dsym";
				ENABLE_STRICT_OBJC_MSGSEND = YES;
				GCC_C_LANGUAGE_STANDARD = gnu99;
				GCC_DYNAMIC_NO_PIC = NO;
				GCC_NO_COMMON_BLOCKS = YES;
				GCC_OPTIMIZATION_LEVEL = 0;
				GCC_PREPROCESSOR_DEFINITIONS = (
					"DEBUG=1",
					"$(inherited)",
				);
				GCC_SYMBOLS_PRIVATE_EXTERN = NO;
				GCC_WARN_64_TO_32_BIT_CONVERSION = YES;
				GCC_WARN_ABOUT_RETURN_TYPE = YES_ERROR;
				GCC_WARN_UNDECLARED_SELECTOR = YES;
				GCC_WARN_UNINITIALIZED_AUTOS = YES_AGGRESSIVE;
				GCC_WARN_UNUSED_FUNCTION = YES;
				GCC_WARN_UNUSED_VARIABLE = YES;
				IPHONEOS_DEPLOYMENT_TARGET = 8.4;
				MTL_ENABLE_DEBUG_INFO = YES;
				ONLY_ACTIVE_ARCH = YES;
				SDKROOT = iphoneos;
				SWIFT_OPTIMIZATION_LEVEL = "-Onone";
			};
			name = Debug;
		};
		DF3E3D4C1BFA1BCE000A2E25 /* Release */ = {
			isa = XCBuildConfiguration;
			buildSettings = {
				ALWAYS_SEARCH_USER_PATHS = NO;
				CLANG_CXX_LANGUAGE_STANDARD = "gnu++0x";
				CLANG_CXX_LIBRARY = "libc++";
				CLANG_ENABLE_MODULES = YES;
				CLANG_ENABLE_OBJC_ARC = YES;
				CLANG_WARN_BOOL_CONVERSION = YES;
				CLANG_WARN_CONSTANT_CONVERSION = YES;
				CLANG_WARN_DIRECT_OBJC_ISA_USAGE = YES_ERROR;
				CLANG_WARN_EMPTY_BODY = YES;
				CLANG_WARN_ENUM_CONVERSION = YES;
				CLANG_WARN_INT_CONVERSION = YES;
				CLANG_WARN_OBJC_ROOT_CLASS = YES_ERROR;
				CLANG_WARN_UNREACHABLE_CODE = YES;
				CLANG_WARN__DUPLICATE_METHOD_MATCH = YES;
				"CODE_SIGN_IDENTITY[sdk=iphoneos*]" = "iPhone Developer";
				COPY_PHASE_STRIP = NO;
				DEBUG_INFORMATION_FORMAT = "dwarf-with-dsym";
				ENABLE_NS_ASSERTIONS = NO;
				ENABLE_STRICT_OBJC_MSGSEND = YES;
				GCC_C_LANGUAGE_STANDARD = gnu99;
				GCC_NO_COMMON_BLOCKS = YES;
				GCC_WARN_64_TO_32_BIT_CONVERSION = YES;
				GCC_WARN_ABOUT_RETURN_TYPE = YES_ERROR;
				GCC_WARN_UNDECLARED_SELECTOR = YES;
				GCC_WARN_UNINITIALIZED_AUTOS = YES_AGGRESSIVE;
				GCC_WARN_UNUSED_FUNCTION = YES;
				GCC_WARN_UNUSED_VARIABLE = YES;
				IPHONEOS_DEPLOYMENT_TARGET = 8.4;
				MTL_ENABLE_DEBUG_INFO = NO;
				SDKROOT = iphoneos;
				VALIDATE_PRODUCT = YES;
			};
			name = Release;
		};
		DF3E3D4E1BFA1BCE000A2E25 /* Debug */ = {
			isa = XCBuildConfiguration;
			buildSettings = {
				ASSETCATALOG_COMPILER_APPICON_NAME = AppIcon;
				CODE_SIGN_IDENTITY = "iPhone Developer: wei wang (4J9XM4LAMT)";
				INFOPLIST_FILE = UTools/Info.plist;
				IPHONEOS_DEPLOYMENT_TARGET = 8.0;
				LD_RUNPATH_SEARCH_PATHS = "$(inherited) @executable_path/Frameworks";
				PRODUCT_NAME = "$(TARGET_NAME)";
			};
			name = Debug;
		};
		DF3E3D4F1BFA1BCE000A2E25 /* Release */ = {
			isa = XCBuildConfiguration;
			buildSettings = {
				ASSETCATALOG_COMPILER_APPICON_NAME = AppIcon;
				CODE_SIGN_IDENTITY = "iPhone Developer: wei wang (4J9XM4LAMT)";
				INFOPLIST_FILE = UTools/Info.plist;
				IPHONEOS_DEPLOYMENT_TARGET = 8.0;
				LD_RUNPATH_SEARCH_PATHS = "$(inherited) @executable_path/Frameworks";
				PRODUCT_NAME = "$(TARGET_NAME)";
			};
			name = Release;
		};
		DF3E3D511BFA1BCE000A2E25 /* Debug */ = {
			isa = XCBuildConfiguration;
			buildSettings = {
				BUNDLE_LOADER = "$(TEST_HOST)";
				FRAMEWORK_SEARCH_PATHS = (
					"$(SDKROOT)/Developer/Library/Frameworks",
					"$(inherited)",
				);
				GCC_PREPROCESSOR_DEFINITIONS = (
					"DEBUG=1",
					"$(inherited)",
				);
				INFOPLIST_FILE = UToolsTests/Info.plist;
				LD_RUNPATH_SEARCH_PATHS = "$(inherited) @executable_path/Frameworks @loader_path/Frameworks";
				PRODUCT_NAME = "$(TARGET_NAME)";
				TEST_HOST = "$(BUILT_PRODUCTS_DIR)/UTools.app/UTools";
			};
			name = Debug;
		};
		DF3E3D521BFA1BCE000A2E25 /* Release */ = {
			isa = XCBuildConfiguration;
			buildSettings = {
				BUNDLE_LOADER = "$(TEST_HOST)";
				FRAMEWORK_SEARCH_PATHS = (
					"$(SDKROOT)/Developer/Library/Frameworks",
					"$(inherited)",
				);
				INFOPLIST_FILE = UToolsTests/Info.plist;
				LD_RUNPATH_SEARCH_PATHS = "$(inherited) @executable_path/Frameworks @loader_path/Frameworks";
				PRODUCT_NAME = "$(TARGET_NAME)";
				TEST_HOST = "$(BUILT_PRODUCTS_DIR)/UTools.app/UTools";
			};
			name = Release;
		};
/* End XCBuildConfiguration section */

/* Begin XCConfigurationList section */
		DF3E3D291BFA1BCE000A2E25 /* Build configuration list for PBXProject "UTools" */ = {
			isa = XCConfigurationList;
			buildConfigurations = (
				DF3E3D4B1BFA1BCE000A2E25 /* Debug */,
				DF3E3D4C1BFA1BCE000A2E25 /* Release */,
			);
			defaultConfigurationIsVisible = 0;
			defaultConfigurationName = Release;
		};
		DF3E3D4D1BFA1BCE000A2E25 /* Build configuration list for PBXNativeTarget "UTools" */ = {
			isa = XCConfigurationList;
			buildConfigurations = (
				DF3E3D4E1BFA1BCE000A2E25 /* Debug */,
				DF3E3D4F1BFA1BCE000A2E25 /* Release */,
			);
			defaultConfigurationIsVisible = 0;
		};
		DF3E3D501BFA1BCE000A2E25 /* Build configuration list for PBXNativeTarget "UToolsTests" */ = {
			isa = XCConfigurationList;
			buildConfigurations = (
				DF3E3D511BFA1BCE000A2E25 /* Debug */,
				DF3E3D521BFA1BCE000A2E25 /* Release */,
			);
			defaultConfigurationIsVisible = 0;
		};
/* End XCConfigurationList section */
	};
	rootObject = DF3E3D261BFA1BCE000A2E25 /* Project object */;
}
